
Microsoft Visual Studio Solution File, Format Version 12.00
# Visual Studio Version 17
VisualStudioVersion = 17.9.34728.123
MinimumVisualStudioVersion = 10.0.40219.1
Project("{FAE04EC0-301F-11D3-BF4B-00C04F79EFBC}") = "VirtualSportsImporter", "VirtualSportsImporter.csproj", "{9CDC4D1D-589A-4582-9922-2AF01DB3E307}"
EndProject
Global
	GlobalSection(SolutionConfigurationPlatforms) = preSolution
		Debug|Any CPU = Debug|Any CPU
		Release|Any CPU = Release|Any CPU
	EndGlobalSection
	GlobalSection(ProjectConfigurationPlatforms) = postSolution
		{9CDC4D1D-589A-4582-9922-2AF01DB3E307}.Debug|Any CPU.ActiveCfg = Debug|Any CPU
		{9CDC4D1D-589A-4582-9922-2AF01DB3E307}.Debug|Any CPU.Build.0 = Debug|Any CPU
		{9CDC4D1D-589A-4582-9922-2AF01DB3E307}.Release|Any CPU.ActiveCfg = Release|Any CPU
		{9CDC4D1D-589A-4582-9922-2AF01DB3E307}.Release|Any CPU.Build.0 = Release|Any CPU
	EndGlobalSection
	GlobalSection(SolutionProperties) = preSolution
		HideSolutionNode = FALSE
	EndGlobalSection
	GlobalSection(ExtensibilityGlobals) = postSolution
		SolutionGuid = {171C2410-1315-43BC-8A2D-94BA31B17775}
	EndGlobalSection
EndGlobal
